
Microsoft Visual Studio Solution File, Format Version 12.00
# Visual Studio Version 16
VisualStudioVersion = 16.0.29613.14
MinimumVisualStudioVersion = 10.0.40219.1
Project("{9A19103F-16F7-4668-BE54-9A1E7A4F7556}") = "Reminder.Storage", "Reminder.Storage\Reminder.Storage.csproj", "{DF289C49-B6D7-4B4E-8D1F-0171354E8C8D}"
EndProject
Project("{9A19103F-16F7-4668-BE54-9A1E7A4F7556}") = "Reminder.Storage.Memory", "Reminder.Storage.Memory\Reminder.Storage.Memory.csproj", "{31FCB5CC-4E28-42B2-A9B4-5CCF883D0B16}"
EndProject
Project("{9A19103F-16F7-4668-BE54-9A1E7A4F7556}") = "Reminder.Storage.Memory.Tests", "Reminder.Storage.Memory.Tests\Reminder.Storage.Memory.Tests.csproj", "{F83235F3-470A-4BBA-A5D0-7B31F923D60C}"
EndProject
Project("{9A19103F-16F7-4668-BE54-9A1E7A4F7556}") = "Reminder", "Reminder\Reminder.csproj", "{1368C8E7-D806-40A3-A67C-19DD9EF35953}"
EndProject
Project("{9A19103F-16F7-4668-BE54-9A1E7A4F7556}") = "Reminder.Domain", "Reminder.Domain\Reminder.Domain.csproj", "{F7203441-B7B0-409B-85CE-5B744ABE5DC6}"
EndProject
Project("{9A19103F-16F7-4668-BE54-9A1E7A4F7556}") = "Reminder.Domain.Tests", "Reminder.Domain.Tests\Reminder.Domain.Tests.csproj", "{A3D4EDD0-8D48-478E-8E95-E4FC07F334F6}"
EndProject
Project("{9A19103F-16F7-4668-BE54-9A1E7A4F7556}") = "Reminder.Sender", "Reminder.Sender\Reminder.Sender.csproj", "{022CF030-79C3-4AA1-9B34-85B3A277CC2E}"
EndProject
Global
	GlobalSection(SolutionConfigurationPlatforms) = preSolution
		Debug|Any CPU = Debug|Any CPU
		Release|Any CPU = Release|Any CPU
	EndGlobalSection
	GlobalSection(ProjectConfigurationPlatforms) = postSolution
		{DF289C49-B6D7-4B4E-8D1F-0171354E8C8D}.Debug|Any CPU.ActiveCfg = Debug|Any CPU
		{DF289C49-B6D7-4B4E-8D1F-0171354E8C8D}.Debug|Any CPU.Build.0 = Debug|Any CPU
		{DF289C49-B6D7-4B4E-8D1F-0171354E8C8D}.Release|Any CPU.ActiveCfg = Release|Any CPU
		{DF289C49-B6D7-4B4E-8D1F-0171354E8C8D}.Release|Any CPU.Build.0 = Release|Any CPU
		{31FCB5CC-4E28-42B2-A9B4-5CCF883D0B16}.Debug|Any CPU.ActiveCfg = Debug|Any CPU
		{31FCB5CC-4E28-42B2-A9B4-5CCF883D0B16}.Debug|Any CPU.Build.0 = Debug|Any CPU
		{31FCB5CC-4E28-42B2-A9B4-5CCF883D0B16}.Release|Any CPU.ActiveCfg = Release|Any CPU
		{31FCB5CC-4E28-42B2-A9B4-5CCF883D0B16}.Release|Any CPU.Build.0 = Release|Any CPU
		{F83235F3-470A-4BBA-A5D0-7B31F923D60C}.Debug|Any CPU.ActiveCfg = Debug|Any CPU
		{F83235F3-470A-4BBA-A5D0-7B31F923D60C}.Debug|Any CPU.Build.0 = Debug|Any CPU
		{F83235F3-470A-4BBA-A5D0-7B31F923D60C}.Release|Any CPU.ActiveCfg = Release|Any CPU
		{F83235F3-470A-4BBA-A5D0-7B31F923D60C}.Release|Any CPU.Build.0 = Release|Any CPU
		{1368C8E7-D806-40A3-A67C-19DD9EF35953}.Debug|Any CPU.ActiveCfg = Debug|Any CPU
		{1368C8E7-D806-40A3-A67C-19DD9EF35953}.Debug|Any CPU.Build.0 = Debug|Any CPU
		{1368C8E7-D806-40A3-A67C-19DD9EF35953}.Release|Any CPU.ActiveCfg = Release|Any CPU
		{1368C8E7-D806-40A3-A67C-19DD9EF35953}.Release|Any CPU.Build.0 = Release|Any CPU
		{F7203441-B7B0-409B-85CE-5B744ABE5DC6}.Debug|Any CPU.ActiveCfg = Debug|Any CPU
		{F7203441-B7B0-409B-85CE-5B744ABE5DC6}.Debug|Any CPU.Build.0 = Debug|Any CPU
		{F7203441-B7B0-409B-85CE-5B744ABE5DC6}.Release|Any CPU.ActiveCfg = Release|Any CPU
		{F7203441-B7B0-409B-85CE-5B744ABE5DC6}.Release|Any CPU.Build.0 = Release|Any CPU
		{A3D4EDD0-8D48-478E-8E95-E4FC07F334F6}.Debug|Any CPU.ActiveCfg = Debug|Any CPU
		{A3D4EDD0-8D48-478E-8E95-E4FC07F334F6}.Debug|Any CPU.Build.0 = Debug|Any CPU
		{A3D4EDD0-8D48-478E-8E95-E4FC07F334F6}.Release|Any CPU.ActiveCfg = Release|Any CPU
		{A3D4EDD0-8D48-478E-8E95-E4FC07F334F6}.Release|Any CPU.Build.0 = Release|Any CPU
		{022CF030-79C3-4AA1-9B34-85B3A277CC2E}.Debug|Any CPU.ActiveCfg = Debug|Any CPU
		{022CF030-79C3-4AA1-9B34-85B3A277CC2E}.Debug|Any CPU.Build.0 = Debug|Any CPU
		{022CF030-79C3-4AA1-9B34-85B3A277CC2E}.Release|Any CPU.ActiveCfg = Release|Any CPU
		{022CF030-79C3-4AA1-9B34-85B3A277CC2E}.Release|Any CPU.Build.0 = Release|Any CPU
	EndGlobalSection
	GlobalSection(SolutionProperties) = preSolution
		HideSolutionNode = FALSE
	EndGlobalSection
	GlobalSection(ExtensibilityGlobals) = postSolution
		SolutionGuid = {02A2703E-6F60-4170-94C6-7DB61CDA585C}
	EndGlobalSection
EndGlobal
