
Microsoft Visual Studio Solution File, Format Version 12.00
# Visual Studio Version 16
VisualStudioVersion = 16.0.29613.14
MinimumVisualStudioVersion = 10.0.40219.1
Project("{9A19103F-16F7-4668-BE54-9A1E7A4F7556}") = "Reminder.Storage", "Reminder.Storage\Reminder.Storage.csproj", "{DF289C49-B6D7-4B4E-8D1F-0171354E8C8D}"
EndProject
Project("{9A19103F-16F7-4668-BE54-9A1E7A4F7556}") = "Reminder.Storage.Memory", "Reminder.Storage.Memory\Reminder.Storage.Memory.csproj", "{31FCB5CC-4E28-42B2-A9B4-5CCF883D0B16}"
EndProject
Project("{9A19103F-16F7-4668-BE54-9A1E7A4F7556}") = "Reminder.Storage.Memory.Tests", "Reminder.Storage.Memory.Tests\Reminder.Storage.Memory.Tests.csproj", "{F83235F3-470A-4BBA-A5D0-7B31F923D60C}"
EndProject
Project("{9A19103F-16F7-4668-BE54-9A1E7A4F7556}") = "Reminder", "Reminder\Reminder.csproj", "{1368C8E7-D806-40A3-A67C-19DD9EF35953}"
EndProject
Project("{9A19103F-16F7-4668-BE54-9A1E7A4F7556}") = "Reminder.Domain", "Reminder.Domain\Reminder.Domain.csproj", "{F7203441-B7B0-409B-85CE-5B744ABE5DC6}"
EndProject
Project("{9A19103F-16F7-4668-BE54-9A1E7A4F7556}") = "Reminder.Domain.Tests", "Reminder.Domain.Tests\Reminder.Domain.Tests.csproj", "{A3D4EDD0-8D48-478E-8E95-E4FC07F334F6}"
EndProject
Project("{9A19103F-16F7-4668-BE54-9A1E7A4F7556}") = "Reminder.Sender", "Reminder.Sender\Reminder.Sender.csproj", "{022CF030-79C3-4AA1-9B34-85B3A277CC2E}"
EndProject
Project("{9A19103F-16F7-4668-BE54-9A1E7A4F7556}") = "Reminder.Receiver", "Reminder.Receiver\Reminder.Receiver.csproj", "{173D6787-9427-4807-AC7F-CB99EFA17BB5}"
EndProject
Project("{9A19103F-16F7-4668-BE54-9A1E7A4F7556}") = "Reminder.Receiver.Telegram", "Reminder.Receiver.Telegram\Reminder.Receiver.Telegram.csproj", "{F9454013-70ED-4F03-811D-E3680E73A655}"
EndProject
Project("{9A19103F-16F7-4668-BE54-9A1E7A4F7556}") = "Reminder.Sender.Telegram", "Reminder.Sender.Telegram\Reminder.Sender.Telegram.csproj", "{CA6CF4B9-96A3-4E40-8223-8BAF7F7F99D0}"
EndProject
Project("{9A19103F-16F7-4668-BE54-9A1E7A4F7556}") = "Reminder.Tests", "Reminder.Tests\Reminder.Tests.csproj", "{C36CA42B-ED2D-4C96-9ED4-CAE74F83C5DB}"
EndProject
Project("{2150E333-8FDC-42A3-9474-1A3956D46DE8}") = "storage", "storage", "{FF5C159F-D68A-43DC-BE7A-1CE98F6FC2D3}"
EndProject
Project("{2150E333-8FDC-42A3-9474-1A3956D46DE8}") = "tests", "tests", "{7D514472-0BBB-44F0-B64C-C15E1DC3D756}"
EndProject
Project("{2150E333-8FDC-42A3-9474-1A3956D46DE8}") = "telegram", "telegram", "{C9564E06-328C-428D-9925-0EC7F00BB01B}"
EndProject
Project("{9A19103F-16F7-4668-BE54-9A1E7A4F7556}") = "Reminder.WebApi", "Reminder.WebApi\Reminder.WebApi.csproj", "{BBD06D6C-BAA3-4CC5-ABCF-05705216CDBE}"
EndProject
Project("{9A19103F-16F7-4668-BE54-9A1E7A4F7556}") = "Reminder.Storage.WebApi", "Reminder.Storage.WebApi\Reminder.Storage.WebApi.csproj", "{86F38466-56FE-4058-A970-C82F3245AD52}"
EndProject
Project("{FAE04EC0-301F-11D3-BF4B-00C04F79EFBC}") = "Reminder.WebApi.Tests", "Reminder.WebApi.Tests\Reminder.WebApi.Tests.csproj", "{BC68E278-5458-4116-B72B-97DDD2A67751}"
EndProject
Project("{FAE04EC0-301F-11D3-BF4B-00C04F79EFBC}") = "Reminder.Receiver.Tests", "Reminder.Receiver.Tests\Reminder.Receiver.Tests.csproj", "{2BFB5459-8A3D-4754-B09D-4E69CE53497B}"
EndProject
Project("{9A19103F-16F7-4668-BE54-9A1E7A4F7556}") = "Reminder.Storage.SqlServer", "Reminder.Storage.SqlServer\Reminder.Storage.SqlServer.csproj", "{35476867-B8ED-48F7-8DAB-DA576606FF38}"
EndProject
Global
	GlobalSection(SolutionConfigurationPlatforms) = preSolution
		Debug|Any CPU = Debug|Any CPU
		Release|Any CPU = Release|Any CPU
	EndGlobalSection
	GlobalSection(ProjectConfigurationPlatforms) = postSolution
		{DF289C49-B6D7-4B4E-8D1F-0171354E8C8D}.Debug|Any CPU.ActiveCfg = Debug|Any CPU
		{DF289C49-B6D7-4B4E-8D1F-0171354E8C8D}.Debug|Any CPU.Build.0 = Debug|Any CPU
		{DF289C49-B6D7-4B4E-8D1F-0171354E8C8D}.Release|Any CPU.ActiveCfg = Release|Any CPU
		{DF289C49-B6D7-4B4E-8D1F-0171354E8C8D}.Release|Any CPU.Build.0 = Release|Any CPU
		{31FCB5CC-4E28-42B2-A9B4-5CCF883D0B16}.Debug|Any CPU.ActiveCfg = Debug|Any CPU
		{31FCB5CC-4E28-42B2-A9B4-5CCF883D0B16}.Debug|Any CPU.Build.0 = Debug|Any CPU
		{31FCB5CC-4E28-42B2-A9B4-5CCF883D0B16}.Release|Any CPU.ActiveCfg = Release|Any CPU
		{31FCB5CC-4E28-42B2-A9B4-5CCF883D0B16}.Release|Any CPU.Build.0 = Release|Any CPU
		{F83235F3-470A-4BBA-A5D0-7B31F923D60C}.Debug|Any CPU.ActiveCfg = Debug|Any CPU
		{F83235F3-470A-4BBA-A5D0-7B31F923D60C}.Debug|Any CPU.Build.0 = Debug|Any CPU
		{F83235F3-470A-4BBA-A5D0-7B31F923D60C}.Release|Any CPU.ActiveCfg = Release|Any CPU
		{F83235F3-470A-4BBA-A5D0-7B31F923D60C}.Release|Any CPU.Build.0 = Release|Any CPU
		{1368C8E7-D806-40A3-A67C-19DD9EF35953}.Debug|Any CPU.ActiveCfg = Debug|Any CPU
		{1368C8E7-D806-40A3-A67C-19DD9EF35953}.Debug|Any CPU.Build.0 = Debug|Any CPU
		{1368C8E7-D806-40A3-A67C-19DD9EF35953}.Release|Any CPU.ActiveCfg = Release|Any CPU
		{1368C8E7-D806-40A3-A67C-19DD9EF35953}.Release|Any CPU.Build.0 = Release|Any CPU
		{F7203441-B7B0-409B-85CE-5B744ABE5DC6}.Debug|Any CPU.ActiveCfg = Debug|Any CPU
		{F7203441-B7B0-409B-85CE-5B744ABE5DC6}.Debug|Any CPU.Build.0 = Debug|Any CPU
		{F7203441-B7B0-409B-85CE-5B744ABE5DC6}.Release|Any CPU.ActiveCfg = Release|Any CPU
		{F7203441-B7B0-409B-85CE-5B744ABE5DC6}.Release|Any CPU.Build.0 = Release|Any CPU
		{A3D4EDD0-8D48-478E-8E95-E4FC07F334F6}.Debug|Any CPU.ActiveCfg = Debug|Any CPU
		{A3D4EDD0-8D48-478E-8E95-E4FC07F334F6}.Debug|Any CPU.Build.0 = Debug|Any CPU
		{A3D4EDD0-8D48-478E-8E95-E4FC07F334F6}.Release|Any CPU.ActiveCfg = Release|Any CPU
		{A3D4EDD0-8D48-478E-8E95-E4FC07F334F6}.Release|Any CPU.Build.0 = Release|Any CPU
		{022CF030-79C3-4AA1-9B34-85B3A277CC2E}.Debug|Any CPU.ActiveCfg = Debug|Any CPU
		{022CF030-79C3-4AA1-9B34-85B3A277CC2E}.Debug|Any CPU.Build.0 = Debug|Any CPU
		{022CF030-79C3-4AA1-9B34-85B3A277CC2E}.Release|Any CPU.ActiveCfg = Release|Any CPU
		{022CF030-79C3-4AA1-9B34-85B3A277CC2E}.Release|Any CPU.Build.0 = Release|Any CPU
		{173D6787-9427-4807-AC7F-CB99EFA17BB5}.Debug|Any CPU.ActiveCfg = Debug|Any CPU
		{173D6787-9427-4807-AC7F-CB99EFA17BB5}.Debug|Any CPU.Build.0 = Debug|Any CPU
		{173D6787-9427-4807-AC7F-CB99EFA17BB5}.Release|Any CPU.ActiveCfg = Release|Any CPU
		{173D6787-9427-4807-AC7F-CB99EFA17BB5}.Release|Any CPU.Build.0 = Release|Any CPU
		{F9454013-70ED-4F03-811D-E3680E73A655}.Debug|Any CPU.ActiveCfg = Debug|Any CPU
		{F9454013-70ED-4F03-811D-E3680E73A655}.Debug|Any CPU.Build.0 = Debug|Any CPU
		{F9454013-70ED-4F03-811D-E3680E73A655}.Release|Any CPU.ActiveCfg = Release|Any CPU
		{F9454013-70ED-4F03-811D-E3680E73A655}.Release|Any CPU.Build.0 = Release|Any CPU
		{CA6CF4B9-96A3-4E40-8223-8BAF7F7F99D0}.Debug|Any CPU.ActiveCfg = Debug|Any CPU
		{CA6CF4B9-96A3-4E40-8223-8BAF7F7F99D0}.Debug|Any CPU.Build.0 = Debug|Any CPU
		{CA6CF4B9-96A3-4E40-8223-8BAF7F7F99D0}.Release|Any CPU.ActiveCfg = Release|Any CPU
		{CA6CF4B9-96A3-4E40-8223-8BAF7F7F99D0}.Release|Any CPU.Build.0 = Release|Any CPU
		{C36CA42B-ED2D-4C96-9ED4-CAE74F83C5DB}.Debug|Any CPU.ActiveCfg = Debug|Any CPU
		{C36CA42B-ED2D-4C96-9ED4-CAE74F83C5DB}.Debug|Any CPU.Build.0 = Debug|Any CPU
		{C36CA42B-ED2D-4C96-9ED4-CAE74F83C5DB}.Release|Any CPU.ActiveCfg = Release|Any CPU
		{C36CA42B-ED2D-4C96-9ED4-CAE74F83C5DB}.Release|Any CPU.Build.0 = Release|Any CPU
		{BBD06D6C-BAA3-4CC5-ABCF-05705216CDBE}.Debug|Any CPU.ActiveCfg = Debug|Any CPU
		{BBD06D6C-BAA3-4CC5-ABCF-05705216CDBE}.Debug|Any CPU.Build.0 = Debug|Any CPU
		{BBD06D6C-BAA3-4CC5-ABCF-05705216CDBE}.Release|Any CPU.ActiveCfg = Release|Any CPU
		{BBD06D6C-BAA3-4CC5-ABCF-05705216CDBE}.Release|Any CPU.Build.0 = Release|Any CPU
		{86F38466-56FE-4058-A970-C82F3245AD52}.Debug|Any CPU.ActiveCfg = Debug|Any CPU
		{86F38466-56FE-4058-A970-C82F3245AD52}.Debug|Any CPU.Build.0 = Debug|Any CPU
		{86F38466-56FE-4058-A970-C82F3245AD52}.Release|Any CPU.ActiveCfg = Release|Any CPU
		{86F38466-56FE-4058-A970-C82F3245AD52}.Release|Any CPU.Build.0 = Release|Any CPU
		{BC68E278-5458-4116-B72B-97DDD2A67751}.Debug|Any CPU.ActiveCfg = Debug|Any CPU
		{BC68E278-5458-4116-B72B-97DDD2A67751}.Debug|Any CPU.Build.0 = Debug|Any CPU
		{BC68E278-5458-4116-B72B-97DDD2A67751}.Release|Any CPU.ActiveCfg = Release|Any CPU
		{BC68E278-5458-4116-B72B-97DDD2A67751}.Release|Any CPU.Build.0 = Release|Any CPU
		{2BFB5459-8A3D-4754-B09D-4E69CE53497B}.Debug|Any CPU.ActiveCfg = Debug|Any CPU
		{2BFB5459-8A3D-4754-B09D-4E69CE53497B}.Debug|Any CPU.Build.0 = Debug|Any CPU
		{2BFB5459-8A3D-4754-B09D-4E69CE53497B}.Release|Any CPU.ActiveCfg = Release|Any CPU
		{2BFB5459-8A3D-4754-B09D-4E69CE53497B}.Release|Any CPU.Build.0 = Release|Any CPU
		{35476867-B8ED-48F7-8DAB-DA576606FF38}.Debug|Any CPU.ActiveCfg = Debug|Any CPU
		{35476867-B8ED-48F7-8DAB-DA576606FF38}.Debug|Any CPU.Build.0 = Debug|Any CPU
		{35476867-B8ED-48F7-8DAB-DA576606FF38}.Release|Any CPU.ActiveCfg = Release|Any CPU
		{35476867-B8ED-48F7-8DAB-DA576606FF38}.Release|Any CPU.Build.0 = Release|Any CPU
	EndGlobalSection
	GlobalSection(SolutionProperties) = preSolution
		HideSolutionNode = FALSE
	EndGlobalSection
	GlobalSection(NestedProjects) = preSolution
		{31FCB5CC-4E28-42B2-A9B4-5CCF883D0B16} = {FF5C159F-D68A-43DC-BE7A-1CE98F6FC2D3}
		{F83235F3-470A-4BBA-A5D0-7B31F923D60C} = {7D514472-0BBB-44F0-B64C-C15E1DC3D756}
		{A3D4EDD0-8D48-478E-8E95-E4FC07F334F6} = {7D514472-0BBB-44F0-B64C-C15E1DC3D756}
		{F9454013-70ED-4F03-811D-E3680E73A655} = {C9564E06-328C-428D-9925-0EC7F00BB01B}
		{CA6CF4B9-96A3-4E40-8223-8BAF7F7F99D0} = {C9564E06-328C-428D-9925-0EC7F00BB01B}
		{C36CA42B-ED2D-4C96-9ED4-CAE74F83C5DB} = {7D514472-0BBB-44F0-B64C-C15E1DC3D756}
		{86F38466-56FE-4058-A970-C82F3245AD52} = {FF5C159F-D68A-43DC-BE7A-1CE98F6FC2D3}
		{BC68E278-5458-4116-B72B-97DDD2A67751} = {7D514472-0BBB-44F0-B64C-C15E1DC3D756}
		{2BFB5459-8A3D-4754-B09D-4E69CE53497B} = {7D514472-0BBB-44F0-B64C-C15E1DC3D756}
		{35476867-B8ED-48F7-8DAB-DA576606FF38} = {FF5C159F-D68A-43DC-BE7A-1CE98F6FC2D3}
	EndGlobalSection
	GlobalSection(ExtensibilityGlobals) = postSolution
		SolutionGuid = {02A2703E-6F60-4170-94C6-7DB61CDA585C}
	EndGlobalSection
EndGlobal
