
Microsoft Visual Studio Solution File, Format Version 12.00
# Visual Studio Version 16
VisualStudioVersion = 16.0.29519.181
MinimumVisualStudioVersion = 10.0.40219.1
Project("{FAE04EC0-301F-11D3-BF4B-00C04F79EFBC}") = "ClassWork2", "..\..\Users\Inordic\Repositories\cs-course\lessons\2\ClassWork\ClassWork2\ClassWork2\ClassWork2.csproj", "{A5D35261-4B75-4DD2-8835-BDE9B140F61C}"
EndProject
Global
	GlobalSection(SolutionConfigurationPlatforms) = preSolution
		Debug|Any CPU = Debug|Any CPU
		Release|Any CPU = Release|Any CPU
	EndGlobalSection
	GlobalSection(ProjectConfigurationPlatforms) = postSolution
		{A5D35261-4B75-4DD2-8835-BDE9B140F61C}.Debug|Any CPU.ActiveCfg = Debug|Any CPU
		{A5D35261-4B75-4DD2-8835-BDE9B140F61C}.Debug|Any CPU.Build.0 = Debug|Any CPU
		{A5D35261-4B75-4DD2-8835-BDE9B140F61C}.Release|Any CPU.ActiveCfg = Release|Any CPU
		{A5D35261-4B75-4DD2-8835-BDE9B140F61C}.Release|Any CPU.Build.0 = Release|Any CPU
	EndGlobalSection
	GlobalSection(SolutionProperties) = preSolution
		HideSolutionNode = FALSE
	EndGlobalSection
	GlobalSection(ExtensibilityGlobals) = postSolution
		SolutionGuid = {A5641833-B4A0-4908-89C9-0E360A9BCC06}
	EndGlobalSection
EndGlobal
