
Microsoft Visual Studio Solution File, Format Version 12.00
# Visual Studio Version 16
VisualStudioVersion = 16.0.29613.14
MinimumVisualStudioVersion = 10.0.40219.1
Project("{FAE04EC0-301F-11D3-BF4B-00C04F79EFBC}") = "HomeWork30", "HomeWork30\HomeWork30.csproj", "{7F6AE17B-6A14-44A2-92B2-8CBA606556D6}"
EndProject
Global
	GlobalSection(SolutionConfigurationPlatforms) = preSolution
		Debug|Any CPU = Debug|Any CPU
		Release|Any CPU = Release|Any CPU
	EndGlobalSection
	GlobalSection(ProjectConfigurationPlatforms) = postSolution
		{7F6AE17B-6A14-44A2-92B2-8CBA606556D6}.Debug|Any CPU.ActiveCfg = Debug|Any CPU
		{7F6AE17B-6A14-44A2-92B2-8CBA606556D6}.Debug|Any CPU.Build.0 = Debug|Any CPU
		{7F6AE17B-6A14-44A2-92B2-8CBA606556D6}.Release|Any CPU.ActiveCfg = Release|Any CPU
		{7F6AE17B-6A14-44A2-92B2-8CBA606556D6}.Release|Any CPU.Build.0 = Release|Any CPU
	EndGlobalSection
	GlobalSection(SolutionProperties) = preSolution
		HideSolutionNode = FALSE
	EndGlobalSection
	GlobalSection(ExtensibilityGlobals) = postSolution
		SolutionGuid = {A393527B-54B5-45E9-AC97-9BD3E3500D73}
	EndGlobalSection
EndGlobal
