
Microsoft Visual Studio Solution File, Format Version 12.00
# Visual Studio Version 16
VisualStudioVersion = 16.0.29613.14
MinimumVisualStudioVersion = 10.0.40219.1
Project("{FAE04EC0-301F-11D3-BF4B-00C04F79EFBC}") = "HomeWork11", "HomeWork11\HomeWork11.csproj", "{79B00536-D79B-4766-83CC-AA0C7F2BF56F}"
EndProject
Global
	GlobalSection(SolutionConfigurationPlatforms) = preSolution
		Debug|Any CPU = Debug|Any CPU
		Release|Any CPU = Release|Any CPU
	EndGlobalSection
	GlobalSection(ProjectConfigurationPlatforms) = postSolution
		{79B00536-D79B-4766-83CC-AA0C7F2BF56F}.Debug|Any CPU.ActiveCfg = Debug|Any CPU
		{79B00536-D79B-4766-83CC-AA0C7F2BF56F}.Debug|Any CPU.Build.0 = Debug|Any CPU
		{79B00536-D79B-4766-83CC-AA0C7F2BF56F}.Release|Any CPU.ActiveCfg = Release|Any CPU
		{79B00536-D79B-4766-83CC-AA0C7F2BF56F}.Release|Any CPU.Build.0 = Release|Any CPU
	EndGlobalSection
	GlobalSection(SolutionProperties) = preSolution
		HideSolutionNode = FALSE
	EndGlobalSection
	GlobalSection(ExtensibilityGlobals) = postSolution
		SolutionGuid = {DADE73D9-B9C1-4D6D-BF1A-F689399E6415}
	EndGlobalSection
EndGlobal
