
Microsoft Visual Studio Solution File, Format Version 12.00
# Visual Studio Version 16
VisualStudioVersion = 16.0.29613.14
MinimumVisualStudioVersion = 10.0.40219.1
Project("{FAE04EC0-301F-11D3-BF4B-00C04F79EFBC}") = "HomeWork2Hard", "HomeWork2Hard\HomeWork2Hard.csproj", "{FCB1E41A-DC74-4599-8F6B-36EEAADA16EE}"
EndProject
Global
	GlobalSection(SolutionConfigurationPlatforms) = preSolution
		Debug|Any CPU = Debug|Any CPU
		Release|Any CPU = Release|Any CPU
	EndGlobalSection
	GlobalSection(ProjectConfigurationPlatforms) = postSolution
		{FCB1E41A-DC74-4599-8F6B-36EEAADA16EE}.Debug|Any CPU.ActiveCfg = Debug|Any CPU
		{FCB1E41A-DC74-4599-8F6B-36EEAADA16EE}.Debug|Any CPU.Build.0 = Debug|Any CPU
		{FCB1E41A-DC74-4599-8F6B-36EEAADA16EE}.Release|Any CPU.ActiveCfg = Release|Any CPU
		{FCB1E41A-DC74-4599-8F6B-36EEAADA16EE}.Release|Any CPU.Build.0 = Release|Any CPU
	EndGlobalSection
	GlobalSection(SolutionProperties) = preSolution
		HideSolutionNode = FALSE
	EndGlobalSection
	GlobalSection(ExtensibilityGlobals) = postSolution
		SolutionGuid = {266AA9B3-7CC3-4F93-BCDC-A3147A640CE9}
	EndGlobalSection
EndGlobal
