
Microsoft Visual Studio Solution File, Format Version 12.00
# Visual Studio Version 16
VisualStudioVersion = 16.0.29613.14
MinimumVisualStudioVersion = 10.0.40219.1
Project("{FAE04EC0-301F-11D3-BF4B-00C04F79EFBC}") = "HomeWork1", "HomeWork1\HomeWork1.csproj", "{9C3C6D87-D6D8-4100-A085-007374120060}"
EndProject
Global
	GlobalSection(SolutionConfigurationPlatforms) = preSolution
		Debug|Any CPU = Debug|Any CPU
		Release|Any CPU = Release|Any CPU
	EndGlobalSection
	GlobalSection(ProjectConfigurationPlatforms) = postSolution
		{9C3C6D87-D6D8-4100-A085-007374120060}.Debug|Any CPU.ActiveCfg = Debug|Any CPU
		{9C3C6D87-D6D8-4100-A085-007374120060}.Debug|Any CPU.Build.0 = Debug|Any CPU
		{9C3C6D87-D6D8-4100-A085-007374120060}.Release|Any CPU.ActiveCfg = Release|Any CPU
		{9C3C6D87-D6D8-4100-A085-007374120060}.Release|Any CPU.Build.0 = Release|Any CPU
	EndGlobalSection
	GlobalSection(SolutionProperties) = preSolution
		HideSolutionNode = FALSE
	EndGlobalSection
	GlobalSection(ExtensibilityGlobals) = postSolution
		SolutionGuid = {C7A5C505-D884-4F0D-8583-5C5254C49033}
	EndGlobalSection
EndGlobal
